
Microsoft Visual Studio Solution File, Format Version 12.00
# Visual Studio Version 17
VisualStudioVersion = 17.4.33213.308
MinimumVisualStudioVersion = 10.0.40219.1
Project("{FAE04EC0-301F-11D3-BF4B-00C04F79EFBC}") = "Regex - 01 - Froschkönig_27.02", "Regex - 01 - Froschkönig_27.02\Regex - 01 - Froschkönig_27.02.csproj", "{687307CE-6540-4F0E-AC4F-88218D887E8C}"
EndProject
Project("{FAE04EC0-301F-11D3-BF4B-00C04F79EFBC}") = "Exceptions - 01 - Person aamp, Datum_27.02", "Exceptions - 01 - Person aamp, Datum\Exceptions - 01 - Person aamp, Datum_27.02.csproj", "{CC422D95-673A-45FB-AF37-FB30C3A54F17}"
EndProject
Project("{FAE04EC0-301F-11D3-BF4B-00C04F79EFBC}") = "Generics - 01 - Flaschen_28.02", "Generics - 01 - Flaschen_28.02\Generics - 01 - Flaschen_28.02.csproj", "{3D833678-B2E7-49CE-8E88-4FB730EC9E1F}"
EndProject
Project("{FAE04EC0-301F-11D3-BF4B-00C04F79EFBC}") = "Generics - 02 - Warteschlange_28.02", "Generics - 02 - Warteschlange_28.02\Generics - 02 - Warteschlange_28.02.csproj", "{0B530BD7-0B93-467A-BC88-7FD2BFA908E5}"
EndProject
Project("{FAE04EC0-301F-11D3-BF4B-00C04F79EFBC}") = "Generics - 03 - Liste und Menge_01.03", "Generics - 03 - Liste und Menge\Generics - 03 - Liste und Menge_01.03.csproj", "{476B3191-5A08-4029-9FAF-3E8B4B125439}"
EndProject
Project("{FAE04EC0-301F-11D3-BF4B-00C04F79EFBC}") = "Indexer - 01 - Liste_01.03", "Indexer - 01 - Liste_01.03\Indexer - 01 - Liste_01.03.csproj", "{895FA104-2124-45B0-8811-E1F7338E87EC}"
EndProject
Project("{FAE04EC0-301F-11D3-BF4B-00C04F79EFBC}") = "Collections_01_Stacks_Kommando tac aamp_Klammersetzung_01.03", "Collections_01_Stacks_Kommando tac aamp_Klammersetzung_01.03\Collections_01_Stacks_Kommando tac aamp_Klammersetzung_01.03.csproj", "{6CD3BD89-A037-4548-BAD9-9A2C2D05BA43}"
EndProject
Project("{FAE04EC0-301F-11D3-BF4B-00C04F79EFBC}") = "Collections - 02 - Dictionary - Worthaeufigkeit_02.03", "Collections - 02 - Dictionary - Worthaeufigkeit_02.03\Collections - 02 - Dictionary - Worthaeufigkeit_02.03.csproj", "{8D10E66E-B8C5-43B3-8EF7-D8E48EAD8E11}"
EndProject
Project("{FAE04EC0-301F-11D3-BF4B-00C04F79EFBC}") = "Delegates - 01 - Gross-Klein_02.03", "Delegates - 01 - Gross-Klein_02.03\Delegates - 01 - Gross-Klein_02.03.csproj", "{87B6C41C-AA19-48E5-8F44-9565BB167923}"
EndProject
Project("{FAE04EC0-301F-11D3-BF4B-00C04F79EFBC}") = "Delegates - 02 - Array Min Max_02.03", "Delegates - 02 - Array Min Max_02.03\Delegates - 02 - Array Min Max_02.03.csproj", "{332045CF-F3B6-454E-A80F-4238AF36783E}"
EndProject
Project("{FAE04EC0-301F-11D3-BF4B-00C04F79EFBC}") = "Delegates - 03 - Logger_03.03", "Delegates - 03 - Logger_03.03\Delegates - 03 - Logger_03.03.csproj", "{5319C0C4-796C-4EDE-B2F5-B73E329AA38B}"
EndProject
Project("{FAE04EC0-301F-11D3-BF4B-00C04F79EFBC}") = "Events - 01 - Warpkern_03.03", "Events - 01 - Warpkern_03.03\Events - 01 - Warpkern_03.03.csproj", "{97BF66FC-1466-4D6C-B597-2B4621AEE0EF}"
EndProject
Project("{FAE04EC0-301F-11D3-BF4B-00C04F79EFBC}") = "Events - 02 - Beobachter am Fluss_03.03", "Events - 02 - Beobachter am Fluss_03.03\Events - 02 - Beobachter am Fluss_03.03.csproj", "{0E518240-7B41-412C-A101-A1AE51664C69}"
EndProject
Project("{FAE04EC0-301F-11D3-BF4B-00C04F79EFBC}") = "Polindrom_06.03", "Polindrom_06.03\Polindrom_06.03.csproj", "{F59F612C-70C3-40B1-B0CC-3BD5E69B479C}"
EndProject
Project("{FAE04EC0-301F-11D3-BF4B-00C04F79EFBC}") = "LINQ - 01 - Filter-Operationen aamp; Aggregationen_06.03.23", "LINQ - 01 - Filter-Operationen aamp; Aggregationen_06.03.23\LINQ - 01 - Filter-Operationen aamp; Aggregationen_06.03.23.csproj", "{C7210456-4ACC-4C8F-85A8-30DC00F43900}"
EndProject
Project("{FAE04EC0-301F-11D3-BF4B-00C04F79EFBC}") = "LINQ - 02 - Sortieren aamp; Partitionieren_07.03.23", "LINQ - 02 - Sortieren aamp; Partitionieren_07.03.23\LINQ - 02 - Sortieren aamp; Partitionieren_07.03.23.csproj", "{82A7CF5D-B891-4232-9FC5-5F57D963C067}"
EndProject
Project("{FAE04EC0-301F-11D3-BF4B-00C04F79EFBC}") = "LINQ - 03 - Gruppierung aamp; Mengenoperationen_07.03", "LINQ - 03 - Gruppierung aamp; Mengenoperationen_07.03\LINQ - 03 - Gruppierung aamp; Mengenoperationen_07.03.csproj", "{E104E44C-3EDE-497F-A499-BEB49669510A}"
EndProject
Project("{FAE04EC0-301F-11D3-BF4B-00C04F79EFBC}") = "LINQ - 04 - Durchschnitt von Kategorien_07.03", "LINQ - 04 - Durchschnitt von Kategorien_07.03\LINQ - 04 - Durchschnitt von Kategorien_07.03.csproj", "{77E2695F-8544-4045-8CB3-0FB2E8687FA7}"
EndProject
Project("{FAE04EC0-301F-11D3-BF4B-00C04F79EFBC}") = "LINQ - 06 - Schueler aamp; Projekte_08.03", "LINQ - 06 - Schueler aamp; Projekte\LINQ - 06 - Schueler aamp; Projekte_08.03.csproj", "{9A022412-9353-479D-9D28-932A5880B261}"
EndProject
Project("{FAE04EC0-301F-11D3-BF4B-00C04F79EFBC}") = "JSON_Produkte_08.03", "Produkte_08.03\JSON_Produkte_08.03.csproj", "{BAB4A2B4-5F12-4840-B259-39D566A24999}"
EndProject
Project("{FAE04EC0-301F-11D3-BF4B-00C04F79EFBC}") = "Serialisierung - 02 - Classroom_09.03", "Serialisierung - 02 - Classroom_09.03\Serialisierung - 02 - Classroom_09.03.csproj", "{4B391B50-2AB3-4198-98ED-BBA2C5101BD5}"
EndProject
Project("{FAE04EC0-301F-11D3-BF4B-00C04F79EFBC}") = "Serialisierung - 03 - FizzBuzz_09.03", "Serialisierung - 03 - FizzBuzz_09.03\Serialisierung - 03 - FizzBuzz_09.03.csproj", "{4534D294-1070-4251-8DF7-2001DA2AC489}"
EndProject
Project("{FAE04EC0-301F-11D3-BF4B-00C04F79EFBC}") = "WordFrequencyFSW_07.03", "WordFrequencyFSW_07.03\WordFrequencyFSW_07.03.csproj", "{E88E861F-6FFF-419C-8AAE-AA334EF73FB9}"
EndProject
Project("{FAE04EC0-301F-11D3-BF4B-00C04F79EFBC}") = "Tasks - 01 - Grundlagen_09.03", "Tasks - 01 - Grundlagen_09.03\Tasks - 01 - Grundlagen_09.03.csproj", "{417F5EAF-0F33-4020-A19B-D4FA6858BC7A}"
EndProject
Global
	GlobalSection(SolutionConfigurationPlatforms) = preSolution
		Debug|Any CPU = Debug|Any CPU
		Release|Any CPU = Release|Any CPU
	EndGlobalSection
	GlobalSection(ProjectConfigurationPlatforms) = postSolution
		{687307CE-6540-4F0E-AC4F-88218D887E8C}.Debug|Any CPU.ActiveCfg = Debug|Any CPU
		{687307CE-6540-4F0E-AC4F-88218D887E8C}.Debug|Any CPU.Build.0 = Debug|Any CPU
		{687307CE-6540-4F0E-AC4F-88218D887E8C}.Release|Any CPU.ActiveCfg = Release|Any CPU
		{687307CE-6540-4F0E-AC4F-88218D887E8C}.Release|Any CPU.Build.0 = Release|Any CPU
		{CC422D95-673A-45FB-AF37-FB30C3A54F17}.Debug|Any CPU.ActiveCfg = Debug|Any CPU
		{CC422D95-673A-45FB-AF37-FB30C3A54F17}.Debug|Any CPU.Build.0 = Debug|Any CPU
		{CC422D95-673A-45FB-AF37-FB30C3A54F17}.Release|Any CPU.ActiveCfg = Release|Any CPU
		{CC422D95-673A-45FB-AF37-FB30C3A54F17}.Release|Any CPU.Build.0 = Release|Any CPU
		{3D833678-B2E7-49CE-8E88-4FB730EC9E1F}.Debug|Any CPU.ActiveCfg = Debug|Any CPU
		{3D833678-B2E7-49CE-8E88-4FB730EC9E1F}.Debug|Any CPU.Build.0 = Debug|Any CPU
		{3D833678-B2E7-49CE-8E88-4FB730EC9E1F}.Release|Any CPU.ActiveCfg = Release|Any CPU
		{3D833678-B2E7-49CE-8E88-4FB730EC9E1F}.Release|Any CPU.Build.0 = Release|Any CPU
		{0B530BD7-0B93-467A-BC88-7FD2BFA908E5}.Debug|Any CPU.ActiveCfg = Debug|Any CPU
		{0B530BD7-0B93-467A-BC88-7FD2BFA908E5}.Debug|Any CPU.Build.0 = Debug|Any CPU
		{0B530BD7-0B93-467A-BC88-7FD2BFA908E5}.Release|Any CPU.ActiveCfg = Release|Any CPU
		{0B530BD7-0B93-467A-BC88-7FD2BFA908E5}.Release|Any CPU.Build.0 = Release|Any CPU
		{476B3191-5A08-4029-9FAF-3E8B4B125439}.Debug|Any CPU.ActiveCfg = Debug|Any CPU
		{476B3191-5A08-4029-9FAF-3E8B4B125439}.Debug|Any CPU.Build.0 = Debug|Any CPU
		{476B3191-5A08-4029-9FAF-3E8B4B125439}.Release|Any CPU.ActiveCfg = Release|Any CPU
		{476B3191-5A08-4029-9FAF-3E8B4B125439}.Release|Any CPU.Build.0 = Release|Any CPU
		{895FA104-2124-45B0-8811-E1F7338E87EC}.Debug|Any CPU.ActiveCfg = Debug|Any CPU
		{895FA104-2124-45B0-8811-E1F7338E87EC}.Debug|Any CPU.Build.0 = Debug|Any CPU
		{895FA104-2124-45B0-8811-E1F7338E87EC}.Release|Any CPU.ActiveCfg = Release|Any CPU
		{895FA104-2124-45B0-8811-E1F7338E87EC}.Release|Any CPU.Build.0 = Release|Any CPU
		{6CD3BD89-A037-4548-BAD9-9A2C2D05BA43}.Debug|Any CPU.ActiveCfg = Debug|Any CPU
		{6CD3BD89-A037-4548-BAD9-9A2C2D05BA43}.Debug|Any CPU.Build.0 = Debug|Any CPU
		{6CD3BD89-A037-4548-BAD9-9A2C2D05BA43}.Release|Any CPU.ActiveCfg = Release|Any CPU
		{6CD3BD89-A037-4548-BAD9-9A2C2D05BA43}.Release|Any CPU.Build.0 = Release|Any CPU
		{8D10E66E-B8C5-43B3-8EF7-D8E48EAD8E11}.Debug|Any CPU.ActiveCfg = Debug|Any CPU
		{8D10E66E-B8C5-43B3-8EF7-D8E48EAD8E11}.Debug|Any CPU.Build.0 = Debug|Any CPU
		{8D10E66E-B8C5-43B3-8EF7-D8E48EAD8E11}.Release|Any CPU.ActiveCfg = Release|Any CPU
		{8D10E66E-B8C5-43B3-8EF7-D8E48EAD8E11}.Release|Any CPU.Build.0 = Release|Any CPU
		{87B6C41C-AA19-48E5-8F44-9565BB167923}.Debug|Any CPU.ActiveCfg = Debug|Any CPU
		{87B6C41C-AA19-48E5-8F44-9565BB167923}.Debug|Any CPU.Build.0 = Debug|Any CPU
		{87B6C41C-AA19-48E5-8F44-9565BB167923}.Release|Any CPU.ActiveCfg = Release|Any CPU
		{87B6C41C-AA19-48E5-8F44-9565BB167923}.Release|Any CPU.Build.0 = Release|Any CPU
		{332045CF-F3B6-454E-A80F-4238AF36783E}.Debug|Any CPU.ActiveCfg = Debug|Any CPU
		{332045CF-F3B6-454E-A80F-4238AF36783E}.Debug|Any CPU.Build.0 = Debug|Any CPU
		{332045CF-F3B6-454E-A80F-4238AF36783E}.Release|Any CPU.ActiveCfg = Release|Any CPU
		{332045CF-F3B6-454E-A80F-4238AF36783E}.Release|Any CPU.Build.0 = Release|Any CPU
		{5319C0C4-796C-4EDE-B2F5-B73E329AA38B}.Debug|Any CPU.ActiveCfg = Debug|Any CPU
		{5319C0C4-796C-4EDE-B2F5-B73E329AA38B}.Debug|Any CPU.Build.0 = Debug|Any CPU
		{5319C0C4-796C-4EDE-B2F5-B73E329AA38B}.Release|Any CPU.ActiveCfg = Release|Any CPU
		{5319C0C4-796C-4EDE-B2F5-B73E329AA38B}.Release|Any CPU.Build.0 = Release|Any CPU
		{97BF66FC-1466-4D6C-B597-2B4621AEE0EF}.Debug|Any CPU.ActiveCfg = Debug|Any CPU
		{97BF66FC-1466-4D6C-B597-2B4621AEE0EF}.Debug|Any CPU.Build.0 = Debug|Any CPU
		{97BF66FC-1466-4D6C-B597-2B4621AEE0EF}.Release|Any CPU.ActiveCfg = Release|Any CPU
		{97BF66FC-1466-4D6C-B597-2B4621AEE0EF}.Release|Any CPU.Build.0 = Release|Any CPU
		{0E518240-7B41-412C-A101-A1AE51664C69}.Debug|Any CPU.ActiveCfg = Debug|Any CPU
		{0E518240-7B41-412C-A101-A1AE51664C69}.Debug|Any CPU.Build.0 = Debug|Any CPU
		{0E518240-7B41-412C-A101-A1AE51664C69}.Release|Any CPU.ActiveCfg = Release|Any CPU
		{0E518240-7B41-412C-A101-A1AE51664C69}.Release|Any CPU.Build.0 = Release|Any CPU
		{F59F612C-70C3-40B1-B0CC-3BD5E69B479C}.Debug|Any CPU.ActiveCfg = Debug|Any CPU
		{F59F612C-70C3-40B1-B0CC-3BD5E69B479C}.Debug|Any CPU.Build.0 = Debug|Any CPU
		{F59F612C-70C3-40B1-B0CC-3BD5E69B479C}.Release|Any CPU.ActiveCfg = Release|Any CPU
		{F59F612C-70C3-40B1-B0CC-3BD5E69B479C}.Release|Any CPU.Build.0 = Release|Any CPU
		{C7210456-4ACC-4C8F-85A8-30DC00F43900}.Debug|Any CPU.ActiveCfg = Debug|Any CPU
		{C7210456-4ACC-4C8F-85A8-30DC00F43900}.Debug|Any CPU.Build.0 = Debug|Any CPU
		{C7210456-4ACC-4C8F-85A8-30DC00F43900}.Release|Any CPU.ActiveCfg = Release|Any CPU
		{C7210456-4ACC-4C8F-85A8-30DC00F43900}.Release|Any CPU.Build.0 = Release|Any CPU
		{82A7CF5D-B891-4232-9FC5-5F57D963C067}.Debug|Any CPU.ActiveCfg = Debug|Any CPU
		{82A7CF5D-B891-4232-9FC5-5F57D963C067}.Debug|Any CPU.Build.0 = Debug|Any CPU
		{82A7CF5D-B891-4232-9FC5-5F57D963C067}.Release|Any CPU.ActiveCfg = Release|Any CPU
		{82A7CF5D-B891-4232-9FC5-5F57D963C067}.Release|Any CPU.Build.0 = Release|Any CPU
		{E104E44C-3EDE-497F-A499-BEB49669510A}.Debug|Any CPU.ActiveCfg = Debug|Any CPU
		{E104E44C-3EDE-497F-A499-BEB49669510A}.Debug|Any CPU.Build.0 = Debug|Any CPU
		{E104E44C-3EDE-497F-A499-BEB49669510A}.Release|Any CPU.ActiveCfg = Release|Any CPU
		{E104E44C-3EDE-497F-A499-BEB49669510A}.Release|Any CPU.Build.0 = Release|Any CPU
		{77E2695F-8544-4045-8CB3-0FB2E8687FA7}.Debug|Any CPU.ActiveCfg = Debug|Any CPU
		{77E2695F-8544-4045-8CB3-0FB2E8687FA7}.Debug|Any CPU.Build.0 = Debug|Any CPU
		{77E2695F-8544-4045-8CB3-0FB2E8687FA7}.Release|Any CPU.ActiveCfg = Release|Any CPU
		{77E2695F-8544-4045-8CB3-0FB2E8687FA7}.Release|Any CPU.Build.0 = Release|Any CPU
		{9A022412-9353-479D-9D28-932A5880B261}.Debug|Any CPU.ActiveCfg = Debug|Any CPU
		{9A022412-9353-479D-9D28-932A5880B261}.Debug|Any CPU.Build.0 = Debug|Any CPU
		{9A022412-9353-479D-9D28-932A5880B261}.Release|Any CPU.ActiveCfg = Release|Any CPU
		{9A022412-9353-479D-9D28-932A5880B261}.Release|Any CPU.Build.0 = Release|Any CPU
<<<<<<< HEAD
		{4B391B50-2AB3-4198-98ED-BBA2C5101BD5}.Debug|Any CPU.ActiveCfg = Debug|Any CPU
		{4B391B50-2AB3-4198-98ED-BBA2C5101BD5}.Debug|Any CPU.Build.0 = Debug|Any CPU
		{4B391B50-2AB3-4198-98ED-BBA2C5101BD5}.Release|Any CPU.ActiveCfg = Release|Any CPU
		{4B391B50-2AB3-4198-98ED-BBA2C5101BD5}.Release|Any CPU.Build.0 = Release|Any CPU
		{4534D294-1070-4251-8DF7-2001DA2AC489}.Debug|Any CPU.ActiveCfg = Debug|Any CPU
		{4534D294-1070-4251-8DF7-2001DA2AC489}.Debug|Any CPU.Build.0 = Debug|Any CPU
		{4534D294-1070-4251-8DF7-2001DA2AC489}.Release|Any CPU.ActiveCfg = Release|Any CPU
		{4534D294-1070-4251-8DF7-2001DA2AC489}.Release|Any CPU.Build.0 = Release|Any CPU
		{E88E861F-6FFF-419C-8AAE-AA334EF73FB9}.Debug|Any CPU.ActiveCfg = Debug|Any CPU
		{E88E861F-6FFF-419C-8AAE-AA334EF73FB9}.Debug|Any CPU.Build.0 = Debug|Any CPU
		{E88E861F-6FFF-419C-8AAE-AA334EF73FB9}.Release|Any CPU.ActiveCfg = Release|Any CPU
		{E88E861F-6FFF-419C-8AAE-AA334EF73FB9}.Release|Any CPU.Build.0 = Release|Any CPU
		{417F5EAF-0F33-4020-A19B-D4FA6858BC7A}.Debug|Any CPU.ActiveCfg = Debug|Any CPU
		{417F5EAF-0F33-4020-A19B-D4FA6858BC7A}.Debug|Any CPU.Build.0 = Debug|Any CPU
		{417F5EAF-0F33-4020-A19B-D4FA6858BC7A}.Release|Any CPU.ActiveCfg = Release|Any CPU
		{417F5EAF-0F33-4020-A19B-D4FA6858BC7A}.Release|Any CPU.Build.0 = Release|Any CPU
=======
		{BAB4A2B4-5F12-4840-B259-39D566A24999}.Debug|Any CPU.ActiveCfg = Debug|Any CPU
		{BAB4A2B4-5F12-4840-B259-39D566A24999}.Debug|Any CPU.Build.0 = Debug|Any CPU
		{BAB4A2B4-5F12-4840-B259-39D566A24999}.Release|Any CPU.ActiveCfg = Release|Any CPU
		{BAB4A2B4-5F12-4840-B259-39D566A24999}.Release|Any CPU.Build.0 = Release|Any CPU
>>>>>>> 1af9f3c2ec3f137e83604e7eb10bff79db709459
	EndGlobalSection
	GlobalSection(SolutionProperties) = preSolution
		HideSolutionNode = FALSE
	EndGlobalSection
	GlobalSection(ExtensibilityGlobals) = postSolution
		SolutionGuid = {B894CB15-5F73-4768-A708-B6441682AD81}
	EndGlobalSection
EndGlobal
